
Microsoft Visual Studio Solution File, Format Version 12.00
# Visual Studio 15
VisualStudioVersion = 15.0.27130.2036
MinimumVisualStudioVersion = 10.0.40219.1
Project("{FAE04EC0-301F-11D3-BF4B-00C04F79EFBC}") = "LoadBadger.ConsolerRunner", "LoadBadger.ConsolerRunner\LoadBadger.ConsolerRunner.csproj", "{DA016B56-EE73-4F3A-99E5-FDBD2B76F76F}"
EndProject
Global
	GlobalSection(SolutionConfigurationPlatforms) = preSolution
		Debug|Any CPU = Debug|Any CPU
		Release|Any CPU = Release|Any CPU
	EndGlobalSection
	GlobalSection(ProjectConfigurationPlatforms) = postSolution
		{DA016B56-EE73-4F3A-99E5-FDBD2B76F76F}.Debug|Any CPU.ActiveCfg = Debug|Any CPU
		{DA016B56-EE73-4F3A-99E5-FDBD2B76F76F}.Debug|Any CPU.Build.0 = Debug|Any CPU
		{DA016B56-EE73-4F3A-99E5-FDBD2B76F76F}.Release|Any CPU.ActiveCfg = Release|Any CPU
		{DA016B56-EE73-4F3A-99E5-FDBD2B76F76F}.Release|Any CPU.Build.0 = Release|Any CPU
	EndGlobalSection
	GlobalSection(SolutionProperties) = preSolution
		HideSolutionNode = FALSE
	EndGlobalSection
	GlobalSection(ExtensibilityGlobals) = postSolution
		SolutionGuid = {DE6439C1-A255-4DAA-A797-E00346E7688C}
	EndGlobalSection
EndGlobal
